Microsoft Visual Studio Solution File, Format Version 12.00
# Visual Studio 14
VisualStudioVersion = 14.0.25420.1
MinimumVisualStudioVersion = 10.0.40219.1
Project("{FAE04EC0-301F-11D3-BF4B-00C04F79EFBC}") = "ZKWeb.Demo.AspNet", "ZKWeb.Demo.AspNet\ZKWeb.Demo.AspNet.csproj", "{CCC6661B-C3FA-45C8-8D81-53394B1B697E}"
EndProject
Project("{FAE04EC0-301F-11D3-BF4B-00C04F79EFBC}") = "ZKWeb.Demo.Console", "ZKWeb.Demo.Console\ZKWeb.Demo.Console.csproj", "{10EDCD2B-ECF6-410A-B568-2D9529F339D2}"
EndProject
Project("{FAE04EC0-301F-11D3-BF4B-00C04F79EFBC}") = "ZKWeb.Demo.Plugins", "ZKWeb.Demo.Plugins\ZKWeb.Demo.Plugins.csproj", "{0F7DD84D-1952-4BA2-A9CC-4AF7DC284D8F}"
EndProject
Global
	GlobalSection(SolutionConfigurationPlatforms) = preSolution
		Debug|Any CPU = Debug|Any CPU
		Release|Any CPU = Release|Any CPU
	EndGlobalSection
	GlobalSection(ProjectConfigurationPlatforms) = postSolution
		{CCC6661B-C3FA-45C8-8D81-53394B1B697E}.Debug|Any CPU.ActiveCfg = Debug|Any CPU
		{CCC6661B-C3FA-45C8-8D81-53394B1B697E}.Debug|Any CPU.Build.0 = Debug|Any CPU
		{CCC6661B-C3FA-45C8-8D81-53394B1B697E}.Release|Any CPU.ActiveCfg = Release|Any CPU
		{CCC6661B-C3FA-45C8-8D81-53394B1B697E}.Release|Any CPU.Build.0 = Release|Any CPU
		{10EDCD2B-ECF6-410A-B568-2D9529F339D2}.Debug|Any CPU.ActiveCfg = Debug|Any CPU
		{10EDCD2B-ECF6-410A-B568-2D9529F339D2}.Debug|Any CPU.Build.0 = Debug|Any CPU
		{10EDCD2B-ECF6-410A-B568-2D9529F339D2}.Release|Any CPU.ActiveCfg = Release|Any CPU
		{10EDCD2B-ECF6-410A-B568-2D9529F339D2}.Release|Any CPU.Build.0 = Release|Any CPU
		{0F7DD84D-1952-4BA2-A9CC-4AF7DC284D8F}.Debug|Any CPU.ActiveCfg = Debug|Any CPU
		{0F7DD84D-1952-4BA2-A9CC-4AF7DC284D8F}.Debug|Any CPU.Build.0 = Debug|Any CPU
		{0F7DD84D-1952-4BA2-A9CC-4AF7DC284D8F}.Release|Any CPU.ActiveCfg = Release|Any CPU
		{0F7DD84D-1952-4BA2-A9CC-4AF7DC284D8F}.Release|Any CPU.Build.0 = Release|Any CPU
	EndGlobalSection
	GlobalSection(SolutionProperties) = preSolution
		HideSolutionNode = FALSE
	EndGlobalSection
EndGlobal
