Microsoft Visual Studio Solution File, Format Version 12.00
# Visual Studio 15
VisualStudioVersion = 15.0.26228.4
MinimumVisualStudioVersion = 10.0.40219.1
Project("{2150E333-8FDC-42A3-9474-1A3956D46DE8}") = "src", "src", "{ADA47558-C1AF-4CFA-B0FF-AF09BE8E4602}"
EndProject
Project("{2150E333-8FDC-42A3-9474-1A3956D46DE8}") = "Solution Items", "Solution Items", "{384C359C-2BAC-46FA-A4B9-71511EA31795}"
	ProjectSection(SolutionItems) = preProject
		global.json = global.json
	EndProjectSection
EndProject
Project("{9A19103F-16F7-4668-BE54-9A1E7A4F7556}") = "ZKWeb.Demo.AspNetCore", "src\ZKWeb.Demo.AspNetCore\ZKWeb.Demo.AspNetCore.csproj", "{C0A92286-86D9-4480-89A3-5EF14D756A55}"
EndProject
Project("{9A19103F-16F7-4668-BE54-9A1E7A4F7556}") = "ZKWeb.Demo.Console", "src\ZKWeb.Demo.Console\ZKWeb.Demo.Console.csproj", "{A51B00CD-4703-4BBA-B45A-F25EF7B55621}"
EndProject
Project("{9A19103F-16F7-4668-BE54-9A1E7A4F7556}") = "ZKWeb.Demo.Plugins", "src\ZKWeb.Demo.Plugins\ZKWeb.Demo.Plugins.csproj", "{DA2BBB61-461B-4B2B-B431-5A9B6A80CDAC}"
EndProject
Global
	GlobalSection(SolutionConfigurationPlatforms) = preSolution
		Debug|Any CPU = Debug|Any CPU
		Release|Any CPU = Release|Any CPU
	EndGlobalSection
	GlobalSection(ProjectConfigurationPlatforms) = postSolution
		{C0A92286-86D9-4480-89A3-5EF14D756A55}.Debug|Any CPU.ActiveCfg = Debug|Any CPU
		{C0A92286-86D9-4480-89A3-5EF14D756A55}.Debug|Any CPU.Build.0 = Debug|Any CPU
		{C0A92286-86D9-4480-89A3-5EF14D756A55}.Release|Any CPU.ActiveCfg = Release|Any CPU
		{C0A92286-86D9-4480-89A3-5EF14D756A55}.Release|Any CPU.Build.0 = Release|Any CPU
		{A51B00CD-4703-4BBA-B45A-F25EF7B55621}.Debug|Any CPU.ActiveCfg = Debug|Any CPU
		{A51B00CD-4703-4BBA-B45A-F25EF7B55621}.Debug|Any CPU.Build.0 = Debug|Any CPU
		{A51B00CD-4703-4BBA-B45A-F25EF7B55621}.Release|Any CPU.ActiveCfg = Release|Any CPU
		{A51B00CD-4703-4BBA-B45A-F25EF7B55621}.Release|Any CPU.Build.0 = Release|Any CPU
		{DA2BBB61-461B-4B2B-B431-5A9B6A80CDAC}.Debug|Any CPU.ActiveCfg = Debug|Any CPU
		{DA2BBB61-461B-4B2B-B431-5A9B6A80CDAC}.Debug|Any CPU.Build.0 = Debug|Any CPU
		{DA2BBB61-461B-4B2B-B431-5A9B6A80CDAC}.Release|Any CPU.ActiveCfg = Release|Any CPU
		{DA2BBB61-461B-4B2B-B431-5A9B6A80CDAC}.Release|Any CPU.Build.0 = Release|Any CPU
	EndGlobalSection
	GlobalSection(SolutionProperties) = preSolution
		HideSolutionNode = FALSE
	EndGlobalSection
	GlobalSection(NestedProjects) = preSolution
		{C0A92286-86D9-4480-89A3-5EF14D756A55} = {ADA47558-C1AF-4CFA-B0FF-AF09BE8E4602}
		{A51B00CD-4703-4BBA-B45A-F25EF7B55621} = {ADA47558-C1AF-4CFA-B0FF-AF09BE8E4602}
		{DA2BBB61-461B-4B2B-B431-5A9B6A80CDAC} = {ADA47558-C1AF-4CFA-B0FF-AF09BE8E4602}
	EndGlobalSection
EndGlobal
