Microsoft Visual Studio Solution File, Format Version 12.00
# Visual Studio 14
VisualStudioVersion = 14.0.25420.1
MinimumVisualStudioVersion = 10.0.40219.1
Project("{FAE04EC0-301F-11D3-BF4B-00C04F79EFBC}") = "ZKWeb.Demo", "ZKWeb.Demo\ZKWeb.Demo.csproj", "{6EAA9F37-D567-44E0-BC1C-B57C1624CB26}"
EndProject
Project("{FAE04EC0-301F-11D3-BF4B-00C04F79EFBC}") = "ZKWeb.Demo.Console", "ZKWeb.Demo.Console\ZKWeb.Demo.Console.csproj", "{9318270F-C178-4B2C-8DF0-CCDA0BCBD801}"
EndProject
Global
	GlobalSection(SolutionConfigurationPlatforms) = preSolution
		Debug|Any CPU = Debug|Any CPU
		Release|Any CPU = Release|Any CPU
	EndGlobalSection
	GlobalSection(ProjectConfigurationPlatforms) = postSolution
		{6EAA9F37-D567-44E0-BC1C-B57C1624CB26}.Debug|Any CPU.ActiveCfg = Debug|Any CPU
		{6EAA9F37-D567-44E0-BC1C-B57C1624CB26}.Debug|Any CPU.Build.0 = Debug|Any CPU
		{6EAA9F37-D567-44E0-BC1C-B57C1624CB26}.Release|Any CPU.ActiveCfg = Release|Any CPU
		{6EAA9F37-D567-44E0-BC1C-B57C1624CB26}.Release|Any CPU.Build.0 = Release|Any CPU
		{9318270F-C178-4B2C-8DF0-CCDA0BCBD801}.Debug|Any CPU.ActiveCfg = Debug|Any CPU
		{9318270F-C178-4B2C-8DF0-CCDA0BCBD801}.Debug|Any CPU.Build.0 = Debug|Any CPU
		{9318270F-C178-4B2C-8DF0-CCDA0BCBD801}.Release|Any CPU.ActiveCfg = Release|Any CPU
		{9318270F-C178-4B2C-8DF0-CCDA0BCBD801}.Release|Any CPU.Build.0 = Release|Any CPU
	EndGlobalSection
	GlobalSection(SolutionProperties) = preSolution
		HideSolutionNode = FALSE
	EndGlobalSection
EndGlobal
